
Microsoft Visual Studio Solution File, Format Version 12.00
# Visual Studio 2013
VisualStudioVersion = 12.0.31101.0
MinimumVisualStudioVersion = 10.0.40219.1
Project("{FAE04EC0-301F-11D3-BF4B-00C04F79EFBC}") = "VUZ(ASP.NET Application)", "ASP.NET\VUZ(ASP.NET Application).csproj", "{2777B6EA-A864-4532-9649-38BE0A0C2FAA}"
EndProject
Project("{FAE04EC0-301F-11D3-BF4B-00C04F79EFBC}") = "VUZ(Objects)", "Objects\VUZ(Objects).csproj", "{CA992112-BD67-4BE6-B6F0-3AF8B0799C7D}"
EndProject
Global
	GlobalSection(SolutionConfigurationPlatforms) = preSolution
Debug|Any CPU = Debug|Any CPU
Release|Any CPU = Release|Any CPU
	EndGlobalSection
	GlobalSection(ProjectConfigurationPlatforms) = postSolution
		{2777B6EA-A864-4532-9649-38BE0A0C2FAA}.Debug|Any CPU.ActiveCfg = Debug|Any CPU
		{2777B6EA-A864-4532-9649-38BE0A0C2FAA}.Debug|Any CPU.Build.0 = Debug|Any CPU
		{2777B6EA-A864-4532-9649-38BE0A0C2FAA}.Release|Any CPU.ActiveCfg = Release|Any CPU
		{2777B6EA-A864-4532-9649-38BE0A0C2FAA}.Release|Any CPU.Build.0 = Release|Any CPU
		{CA992112-BD67-4BE6-B6F0-3AF8B0799C7D}.Debug|Any CPU.ActiveCfg = Debug|Any CPU
		{CA992112-BD67-4BE6-B6F0-3AF8B0799C7D}.Debug|Any CPU.Build.0 = Debug|Any CPU
		{CA992112-BD67-4BE6-B6F0-3AF8B0799C7D}.Release|Any CPU.ActiveCfg = Release|Any CPU
		{CA992112-BD67-4BE6-B6F0-3AF8B0799C7D}.Release|Any CPU.Build.0 = Release|Any CPU
	EndGlobalSection
	GlobalSection(SolutionProperties) = preSolution
		HideSolutionNode = FALSE
	EndGlobalSection
EndGlobal
